
Microsoft Visual Studio Solution File, Format Version 11.00
# Visual Studio 2010
Project("{FAE04EC0-301F-11D3-BF4B-00C04F79EFBC}") = "Assembly-CSharp", "Assembly-CSharp.csproj", "{EA8B2B2E-955A-FFAF-036E-5E9671E42C26}"
EndProject
Project("{FAE04EC0-301F-11D3-BF4B-00C04F79EFBC}") = "Assembly-CSharp-firstpass", "Assembly-CSharp-firstpass.csproj", "{D8568E19-2571-5312-BCF3-E024E2A95DF5}"
EndProject
Project("{FAE04EC0-301F-11D3-BF4B-00C04F79EFBC}") = "Assembly-CSharp-Editor-firstpass", "Assembly-CSharp-Editor-firstpass.csproj", "{57D2E3AA-FBE0-C85A-21A3-1A7486567382}"
EndProject
Global
	GlobalSection(SolutionConfigurationPlatforms) = preSolution
		Debug|Any CPU = Debug|Any CPU
		Release|Any CPU = Release|Any CPU
	EndGlobalSection
	GlobalSection(ProjectConfigurationPlatforms) = postSolution
		{EA8B2B2E-955A-FFAF-036E-5E9671E42C26}.Debug|Any CPU.ActiveCfg = Debug|Any CPU
		{EA8B2B2E-955A-FFAF-036E-5E9671E42C26}.Debug|Any CPU.Build.0 = Debug|Any CPU
		{EA8B2B2E-955A-FFAF-036E-5E9671E42C26}.Release|Any CPU.ActiveCfg = Release|Any CPU
		{EA8B2B2E-955A-FFAF-036E-5E9671E42C26}.Release|Any CPU.Build.0 = Release|Any CPU
		{D8568E19-2571-5312-BCF3-E024E2A95DF5}.Debug|Any CPU.ActiveCfg = Debug|Any CPU
		{D8568E19-2571-5312-BCF3-E024E2A95DF5}.Debug|Any CPU.Build.0 = Debug|Any CPU
		{D8568E19-2571-5312-BCF3-E024E2A95DF5}.Release|Any CPU.ActiveCfg = Release|Any CPU
		{D8568E19-2571-5312-BCF3-E024E2A95DF5}.Release|Any CPU.Build.0 = Release|Any CPU
		{57D2E3AA-FBE0-C85A-21A3-1A7486567382}.Debug|Any CPU.ActiveCfg = Debug|Any CPU
		{57D2E3AA-FBE0-C85A-21A3-1A7486567382}.Debug|Any CPU.Build.0 = Debug|Any CPU
		{57D2E3AA-FBE0-C85A-21A3-1A7486567382}.Release|Any CPU.ActiveCfg = Release|Any CPU
		{57D2E3AA-FBE0-C85A-21A3-1A7486567382}.Release|Any CPU.Build.0 = Release|Any CPU
	EndGlobalSection
	GlobalSection(SolutionProperties) = preSolution
		HideSolutionNode = FALSE
	EndGlobalSection
EndGlobal
